// !$*UTF8*$!
{
	archiveVersion = 1;
	classes = {
	};
	objectVersion = 46;
	objects = {

/* Begin PBXBuildFile section */
		545C27105FD1150C9F6B71B4 /* Pods_workbench.framework in Frameworks */ = {isa = PBXBuildFile; fileRef = 223193CBA19233F4A82DE15E /* Pods_workbench.framework */; };
		7B670D855158BC994AB7EA24 /* Pods_workbenchTests.framework in Frameworks */ = {isa = PBXBuildFile; fileRef = A10DFF3EB4D7DE2A4B00E514 /* Pods_workbenchTests.framework */; };
		84A4A6551D52D89300625E15 /* STS_TextFiled.swift in Sources */ = {isa = PBXBuildFile; fileRef = 84A4A6541D52D89300625E15 /* STS_TextFiled.swift */; };
		84B60C901D52D69C00C55F14 /* AppDelegate.swift in Sources */ = {isa = PBXBuildFile; fileRef = 84B60C8F1D52D69C00C55F14 /* AppDelegate.swift */; };
		84B60C921D52D69C00C55F14 /* ViewController.swift in Sources */ = {isa = PBXBuildFile; fileRef = 84B60C911D52D69C00C55F14 /* ViewController.swift */; };
		84B60C951D52D69C00C55F14 /* Main.storyboard in Resources */ = {isa = PBXBuildFile; fileRef = 84B60C931D52D69C00C55F14 /* Main.storyboard */; };
		84B60C981D52D69C00C55F14 /* workbench.xcdatamodeld in Sources */ = {isa = PBXBuildFile; fileRef = 84B60C961D52D69C00C55F14 /* workbench.xcdatamodeld */; };
		84B60C9A1D52D69C00C55F14 /* Assets.xcassets in Resources */ = {isa = PBXBuildFile; fileRef = 84B60C991D52D69C00C55F14 /* Assets.xcassets */; };
		84B60C9D1D52D69C00C55F14 /* LaunchScreen.storyboard in Resources */ = {isa = PBXBuildFile; fileRef = 84B60C9B1D52D69C00C55F14 /* LaunchScreen.storyboard */; };
		84B60CA81D52D69C00C55F14 /* workbenchTests.swift in Sources */ = {isa = PBXBuildFile; fileRef = 84B60CA71D52D69C00C55F14 /* workbenchTests.swift */; };
		84B60CB31D52D69C00C55F14 /* workbenchUITests.swift in Sources */ = {isa = PBXBuildFile; fileRef = 84B60CB21D52D69C00C55F14 /* workbenchUITests.swift */; };
		99196D396C4B60436C1D89ED /* Pods_workbenchUITests.framework in Frameworks */ = {isa = PBXBuildFile; fileRef = 0A27F30B0860009E8EBC1451 /* Pods_workbenchUITests.framework */; };
		A4E3DA6A1D53517E0002A7F4 /* STS_Textfiled_Simple.swift in Sources */ = {isa = PBXBuildFile; fileRef = A4E3DA691D53517E0002A7F4 /* STS_Textfiled_Simple.swift */; };
/* End PBXBuildFile section */

/* Begin PBXContainerItemProxy section */
		84B60CA41D52D69C00C55F14 /* PBXContainerItemProxy */ = {
			isa = PBXContainerItemProxy;
			containerPortal = 84B60C841D52D69C00C55F14 /* Project object */;
			proxyType = 1;
			remoteGlobalIDString = 84B60C8B1D52D69C00C55F14;
			remoteInfo = workbench;
		};
		84B60CAF1D52D69C00C55F14 /* PBXContainerItemProxy */ = {
			isa = PBXContainerItemProxy;
			containerPortal = 84B60C841D52D69C00C55F14 /* Project object */;
			proxyType = 1;
			remoteGlobalIDString = 84B60C8B1D52D69C00C55F14;
			remoteInfo = workbench;
		};
/* End PBXContainerItemProxy section */

/* Begin PBXFileReference section */
		02E0008CF60F87A24F0A1943 /* Pods-workbench.debug.xcconfig */ = {isa = PBXFileReference; includeInIndex = 1; lastKnownFileType = text.xcconfig; name = "Pods-workbench.debug.xcconfig"; path = "Pods/Target Support Files/Pods-workbench/Pods-workbench.debug.xcconfig"; sourceTree = "<group>"; };
		098C3BD6272ADFB9807E7A49 /* Pods-workbenchTests.debug.xcconfig */ = {isa = PBXFileReference; includeInIndex = 1; lastKnownFileType = text.xcconfig; name = "Pods-workbenchTests.debug.xcconfig"; path = "Pods/Target Support Files/Pods-workbenchTests/Pods-workbenchTests.debug.xcconfig"; sourceTree = "<group>"; };
		0A27F30B0860009E8EBC1451 /* Pods_workbenchUITests.framework */ = {isa = PBXFileReference; explicitFileType = wrapper.framework; includeInIndex = 0; path = Pods_workbenchUITests.framework; sourceTree = BUILT_PRODUCTS_DIR; };
		223193CBA19233F4A82DE15E /* Pods_workbench.framework */ = {isa = PBXFileReference; explicitFileType = wrapper.framework; includeInIndex = 0; path = Pods_workbench.framework; sourceTree = BUILT_PRODUCTS_DIR; };
		26246C3E4642DF7CC7022D29 /* Pods-workbenchUITests.debug.xcconfig */ = {isa = PBXFileReference; includeInIndex = 1; lastKnownFileType = text.xcconfig; name = "Pods-workbenchUITests.debug.xcconfig"; path = "Pods/Target Support Files/Pods-workbenchUITests/Pods-workbenchUITests.debug.xcconfig"; sourceTree = "<group>"; };
		58FA41802FE0CACBC35AE8E2 /* Pods-workbench.release.xcconfig */ = {isa = PBXFileReference; includeInIndex = 1; lastKnownFileType = text.xcconfig; name = "Pods-workbench.release.xcconfig"; path = "Pods/Target Support Files/Pods-workbench/Pods-workbench.release.xcconfig"; sourceTree = "<group>"; };
		84A4A6541D52D89300625E15 /* STS_TextFiled.swift */ = {isa = PBXFileReference; fileEncoding = 4; lastKnownFileType = sourcecode.swift; name = STS_TextFiled.swift; path = STTextField/STS_TextFiled.swift; sourceTree = "<group>"; };
		84B60C8C1D52D69C00C55F14 /* workbench.app */ = {isa = PBXFileReference; explicitFileType = wrapper.application; includeInIndex = 0; path = workbench.app; sourceTree = BUILT_PRODUCTS_DIR; };
		84B60C8F1D52D69C00C55F14 /* AppDelegate.swift */ = {isa = PBXFileReference; lastKnownFileType = sourcecode.swift; path = AppDelegate.swift; sourceTree = "<group>"; };
		84B60C911D52D69C00C55F14 /* ViewController.swift */ = {isa = PBXFileReference; lastKnownFileType = sourcecode.swift; path = ViewController.swift; sourceTree = "<group>"; };
		84B60C941D52D69C00C55F14 /* Base */ = {isa = PBXFileReference; lastKnownFileType = file.storyboard; name = Base; path = Base.lproj/Main.storyboard; sourceTree = "<group>"; };
		84B60C971D52D69C00C55F14 /* workbench.xcdatamodel */ = {isa = PBXFileReference; lastKnownFileType = wrapper.xcdatamodel; path = workbench.xcdatamodel; sourceTree = "<group>"; };
		84B60C991D52D69C00C55F14 /* Assets.xcassets */ = {isa = PBXFileReference; lastKnownFileType = folder.assetcatalog; path = Assets.xcassets; sourceTree = "<group>"; };
		84B60C9C1D52D69C00C55F14 /* Base */ = {isa = PBXFileReference; lastKnownFileType = file.storyboard; name = Base; path = Base.lproj/LaunchScreen.storyboard; sourceTree = "<group>"; };
		84B60C9E1D52D69C00C55F14 /* Info.plist */ = {isa = PBXFileReference; lastKnownFileType = text.plist.xml; path = Info.plist; sourceTree = "<group>"; };
		84B60CA31D52D69C00C55F14 /* workbenchTests.xctest */ = {isa = PBXFileReference; explicitFileType = wrapper.cfbundle; includeInIndex = 0; path = workbenchTests.xctest; sourceTree = BUILT_PRODUCTS_DIR; };
		84B60CA71D52D69C00C55F14 /* workbenchTests.swift */ = {isa = PBXFileReference; lastKnownFileType = sourcecode.swift; path = workbenchTests.swift; sourceTree = "<group>"; };
		84B60CA91D52D69C00C55F14 /* Info.plist */ = {isa = PBXFileReference; lastKnownFileType = text.plist.xml; path = Info.plist; sourceTree = "<group>"; };
		84B60CAE1D52D69C00C55F14 /* workbenchUITests.xctest */ = {isa = PBXFileReference; explicitFileType = wrapper.cfbundle; includeInIndex = 0; path = workbenchUITests.xctest; sourceTree = BUILT_PRODUCTS_DIR; };
		84B60CB21D52D69C00C55F14 /* workbenchUITests.swift */ = {isa = PBXFileReference; lastKnownFileType = sourcecode.swift; path = workbenchUITests.swift; sourceTree = "<group>"; };
		84B60CB41D52D69C00C55F14 /* Info.plist */ = {isa = PBXFileReference; lastKnownFileType = text.plist.xml; path = Info.plist; sourceTree = "<group>"; };
		A10DFF3EB4D7DE2A4B00E514 /* Pods_workbenchTests.framework */ = {isa = PBXFileReference; explicitFileType = wrapper.framework; includeInIndex = 0; path = Pods_workbenchTests.framework; sourceTree = BUILT_PRODUCTS_DIR; };
		A4E3DA691D53517E0002A7F4 /* STS_Textfiled_Simple.swift */ = {isa = PBXFileReference; fileEncoding = 4; lastKnownFileType = sourcecode.swift; name = STS_Textfiled_Simple.swift; path = STTextField/STS_Textfiled_Simple.swift; sourceTree = "<group>"; };
		C9804335EA01130C3FF9076E /* Pods-workbenchTests.release.xcconfig */ = {isa = PBXFileReference; includeInIndex = 1; lastKnownFileType = text.xcconfig; name = "Pods-workbenchTests.release.xcconfig"; path = "Pods/Target Support Files/Pods-workbenchTests/Pods-workbenchTests.release.xcconfig"; sourceTree = "<group>"; };
		E0BB25B4BABDFAE20F20CC05 /* Pods-workbenchUITests.release.xcconfig */ = {isa = PBXFileReference; includeInIndex = 1; lastKnownFileType = text.xcconfig; name = "Pods-workbenchUITests.release.xcconfig"; path = "Pods/Target Support Files/Pods-workbenchUITests/Pods-workbenchUITests.release.xcconfig"; sourceTree = "<group>"; };
/* End PBXFileReference section */

/* Begin PBXFrameworksBuildPhase section */
		84B60C891D52D69C00C55F14 /* Frameworks */ = {
			isa = PBXFrameworksBuildPhase;
			buildActionMask = 2147483647;
			files = (
				545C27105FD1150C9F6B71B4 /* Pods_workbench.framework in Frameworks */,
			);
			runOnlyForDeploymentPostprocessing = 0;
		};
		84B60CA01D52D69C00C55F14 /* Frameworks */ = {
			isa = PBXFrameworksBuildPhase;
			buildActionMask = 2147483647;
			files = (
				7B670D855158BC994AB7EA24 /* Pods_workbenchTests.framework in Frameworks */,
			);
			runOnlyForDeploymentPostprocessing = 0;
		};
		84B60CAB1D52D69C00C55F14 /* Frameworks */ = {
			isa = PBXFrameworksBuildPhase;
			buildActionMask = 2147483647;
			files = (
				99196D396C4B60436C1D89ED /* Pods_workbenchUITests.framework in Frameworks */,
			);
			runOnlyForDeploymentPostprocessing = 0;
		};
/* End PBXFrameworksBuildPhase section */

/* Begin PBXGroup section */
		84A4A6561D52D8A500625E15 /* STTextFiled */ = {
			isa = PBXGroup;
			children = (
				84A4A6541D52D89300625E15 /* STS_TextFiled.swift */,
				A4E3DA691D53517E0002A7F4 /* STS_Textfiled_Simple.swift */,
			);
			name = STTextFiled;
			sourceTree = "<group>";
		};
		84B60C831D52D69C00C55F14 = {
			isa = PBXGroup;
			children = (
				84B60C8E1D52D69C00C55F14 /* workbench */,
				84B60CA61D52D69C00C55F14 /* workbenchTests */,
				84B60CB11D52D69C00C55F14 /* workbenchUITests */,
				84B60C8D1D52D69C00C55F14 /* Products */,
				D8561262C7D7964D958AC9F7 /* Pods */,
				FDC76346D94A2CBED4BE69BF /* Frameworks */,
			);
			sourceTree = "<group>";
		};
		84B60C8D1D52D69C00C55F14 /* Products */ = {
			isa = PBXGroup;
			children = (
				84B60C8C1D52D69C00C55F14 /* workbench.app */,
				84B60CA31D52D69C00C55F14 /* workbenchTests.xctest */,
				84B60CAE1D52D69C00C55F14 /* workbenchUITests.xctest */,
			);
			name = Products;
			sourceTree = "<group>";
		};
		84B60C8E1D52D69C00C55F14 /* workbench */ = {
			isa = PBXGroup;
			children = (
				84B60C8F1D52D69C00C55F14 /* AppDelegate.swift */,
				84B60C911D52D69C00C55F14 /* ViewController.swift */,
				84B60C931D52D69C00C55F14 /* Main.storyboard */,
				84B60C991D52D69C00C55F14 /* Assets.xcassets */,
				84B60C9B1D52D69C00C55F14 /* LaunchScreen.storyboard */,
				84B60C9E1D52D69C00C55F14 /* Info.plist */,
				84B60C961D52D69C00C55F14 /* workbench.xcdatamodeld */,
				84A4A6561D52D8A500625E15 /* STTextFiled */,
			);
			path = workbench;
			sourceTree = "<group>";
		};
		84B60CA61D52D69C00C55F14 /* workbenchTests */ = {
			isa = PBXGroup;
			children = (
				84B60CA71D52D69C00C55F14 /* workbenchTests.swift */,
				84B60CA91D52D69C00C55F14 /* Info.plist */,
			);
			path = workbenchTests;
			sourceTree = "<group>";
		};
		84B60CB11D52D69C00C55F14 /* workbenchUITests */ = {
			isa = PBXGroup;
			children = (
				84B60CB21D52D69C00C55F14 /* workbenchUITests.swift */,
				84B60CB41D52D69C00C55F14 /* Info.plist */,
			);
			path = workbenchUITests;
			sourceTree = "<group>";
		};
		D8561262C7D7964D958AC9F7 /* Pods */ = {
			isa = PBXGroup;
			children = (
				02E0008CF60F87A24F0A1943 /* Pods-workbench.debug.xcconfig */,
				58FA41802FE0CACBC35AE8E2 /* Pods-workbench.release.xcconfig */,
				098C3BD6272ADFB9807E7A49 /* Pods-workbenchTests.debug.xcconfig */,
				C9804335EA01130C3FF9076E /* Pods-workbenchTests.release.xcconfig */,
				26246C3E4642DF7CC7022D29 /* Pods-workbenchUITests.debug.xcconfig */,
				E0BB25B4BABDFAE20F20CC05 /* Pods-workbenchUITests.release.xcconfig */,
			);
			name = Pods;
			sourceTree = "<group>";
		};
		FDC76346D94A2CBED4BE69BF /* Frameworks */ = {
			isa = PBXGroup;
			children = (
				223193CBA19233F4A82DE15E /* Pods_workbench.framework */,
				A10DFF3EB4D7DE2A4B00E514 /* Pods_workbenchTests.framework */,
				0A27F30B0860009E8EBC1451 /* Pods_workbenchUITests.framework */,
			);
			name = Frameworks;
			sourceTree = "<group>";
		};
/* End PBXGroup section */

/* Begin PBXNativeTarget section */
		84B60C8B1D52D69C00C55F14 /* workbench */ = {
			isa = PBXNativeTarget;
			buildConfigurationList = 84B60CB71D52D69C00C55F14 /* Build configuration list for PBXNativeTarget "workbench" */;
			buildPhases = (
				104338C8A8E031DCFF1B32C5 /* [CP] Check Pods Manifest.lock */,
				84B60C881D52D69C00C55F14 /* Sources */,
				84B60C891D52D69C00C55F14 /* Frameworks */,
				84B60C8A1D52D69C00C55F14 /* Resources */,
				2539DB161A9054627B80A2EA /* [CP] Embed Pods Frameworks */,
				624E3FBAD4759C211ED35EC5 /* [CP] Copy Pods Resources */,
			);
			buildRules = (
			);
			dependencies = (
			);
			name = workbench;
			productName = workbench;
			productReference = 84B60C8C1D52D69C00C55F14 /* workbench.app */;
			productType = "com.apple.product-type.application";
		};
		84B60CA21D52D69C00C55F14 /* workbenchTests */ = {
			isa = PBXNativeTarget;
			buildConfigurationList = 84B60CBA1D52D69C00C55F14 /* Build configuration list for PBXNativeTarget "workbenchTests" */;
			buildPhases = (
				732B03E1FABFC1EB8999D68C /* [CP] Check Pods Manifest.lock */,
				84B60C9F1D52D69C00C55F14 /* Sources */,
				84B60CA01D52D69C00C55F14 /* Frameworks */,
				84B60CA11D52D69C00C55F14 /* Resources */,
				02B48D16D13CA96B12127E4C /* [CP] Embed Pods Frameworks */,
				C1BFB21625EFB9EC7180F57C /* [CP] Copy Pods Resources */,
			);
			buildRules = (
			);
			dependencies = (
				84B60CA51D52D69C00C55F14 /* PBXTargetDependency */,
			);
			name = workbenchTests;
			productName = workbenchTests;
			productReference = 84B60CA31D52D69C00C55F14 /* workbenchTests.xctest */;
			productType = "com.apple.product-type.bundle.unit-test";
		};
		84B60CAD1D52D69C00C55F14 /* workbenchUITests */ = {
			isa = PBXNativeTarget;
			buildConfigurationList = 84B60CBD1D52D69C00C55F14 /* Build configuration list for PBXNativeTarget "workbenchUITests" */;
			buildPhases = (
				F715556EB5983D595BDF06D5 /* [CP] Check Pods Manifest.lock */,
				84B60CAA1D52D69C00C55F14 /* Sources */,
				84B60CAB1D52D69C00C55F14 /* Frameworks */,
				84B60CAC1D52D69C00C55F14 /* Resources */,
				4D0DF520AB73CDBCE04006CD /* [CP] Copy Pods Resources */,
			);
			buildRules = (
			);
			dependencies = (
				84B60CB01D52D69C00C55F14 /* PBXTargetDependency */,
			);
			name = workbenchUITests;
			productName = workbenchUITests;
			productReference = 84B60CAE1D52D69C00C55F14 /* workbenchUITests.xctest */;
			productType = "com.apple.product-type.bundle.ui-testing";
		};
/* End PBXNativeTarget section */

/* Begin PBXProject section */
		84B60C841D52D69C00C55F14 /* Project object */ = {
			isa = PBXProject;
			attributes = {
				LastSwiftUpdateCheck = 0730;
				LastUpgradeCheck = 0730;
				ORGANIZATIONNAME = stethee.com;
				TargetAttributes = {
					84B60C8B1D52D69C00C55F14 = {
						CreatedOnToolsVersion = 7.3.1;
					};
					84B60CA21D52D69C00C55F14 = {
						CreatedOnToolsVersion = 7.3.1;
						TestTargetID = 84B60C8B1D52D69C00C55F14;
					};
					84B60CAD1D52D69C00C55F14 = {
						CreatedOnToolsVersion = 7.3.1;
						TestTargetID = 84B60C8B1D52D69C00C55F14;
					};
				};
			};
			buildConfigurationList = 84B60C871D52D69C00C55F14 /* Build configuration list for PBXProject "workbench" */;
			compatibilityVersion = "Xcode 3.2";
			developmentRegion = English;
			hasScannedForEncodings = 0;
			knownRegions = (
				en,
				Base,
			);
			mainGroup = 84B60C831D52D69C00C55F14;
			productRefGroup = 84B60C8D1D52D69C00C55F14 /* Products */;
			projectDirPath = "";
			projectRoot = "";
			targets = (
				84B60C8B1D52D69C00C55F14 /* workbench */,
				84B60CA21D52D69C00C55F14 /* workbenchTests */,
				84B60CAD1D52D69C00C55F14 /* workbenchUITests */,
			);
		};
/* End PBXProject section */

/* Begin PBXResourcesBuildPhase section */
		84B60C8A1D52D69C00C55F14 /* Resources */ = {
			isa = PBXResourcesBuildPhase;
			buildActionMask = 2147483647;
			files = (
				84B60C9D1D52D69C00C55F14 /* LaunchScreen.storyboard in Resources */,
				84B60C9A1D52D69C00C55F14 /* Assets.xcassets in Resources */,
				84B60C951D52D69C00C55F14 /* Main.storyboard in Resources */,
			);
			runOnlyForDeploymentPostprocessing = 0;
		};
		84B60CA11D52D69C00C55F14 /* Resources */ = {
			isa = PBXResourcesBuildPhase;
			buildActionMask = 2147483647;
			files = (
			);
			runOnlyForDeploymentPostprocessing = 0;
		};
		84B60CAC1D52D69C00C55F14 /* Resources */ = {
			isa = PBXResourcesBuildPhase;
			buildActionMask = 2147483647;
			files = (
			);
			runOnlyForDeploymentPostprocessing = 0;
		};
/* End PBXResourcesBuildPhase section */

/* Begin PBXShellScriptBuildPhase section */
		02B48D16D13CA96B12127E4C /* [CP] Embed Pods Frameworks */ = {
			isa = PBXShellScriptBuildPhase;
			buildActionMask = 2147483647;
			files = (
			);
			inputPaths = (
			);
			name = "[CP] Embed Pods Frameworks";
			outputPaths = (
			);
			runOnlyForDeploymentPostprocessing = 0;
			shellPath = /bin/sh;
			shellScript = "\"${SRCROOT}/Pods/Target Support Files/Pods-workbenchTests/Pods-workbenchTests-frameworks.sh\"\n";
			showEnvVarsInLog = 0;
		};
		104338C8A8E031DCFF1B32C5 /* [CP] Check Pods Manifest.lock */ = {
			isa = PBXShellScriptBuildPhase;
			buildActionMask = 2147483647;
			files = (
			);
			inputPaths = (
			);
			name = "[CP] Check Pods Manifest.lock";
			outputPaths = (
			);
			runOnlyForDeploymentPostprocessing = 0;
			shellPath = /bin/sh;
			shellScript = "diff \"${PODS_ROOT}/../Podfile.lock\" \"${PODS_ROOT}/Manifest.lock\" > /dev/null\nif [[ $? != 0 ]] ; then\n    cat << EOM\nerror: The sandbox is not in sync with the Podfile.lock. Run 'pod install' or update your CocoaPods installation.\nEOM\n    exit 1\nfi\n";
			showEnvVarsInLog = 0;
		};
		2539DB161A9054627B80A2EA /* [CP] Embed Pods Frameworks */ = {
			isa = PBXShellScriptBuildPhase;
			buildActionMask = 2147483647;
			files = (
			);
			inputPaths = (
			);
			name = "[CP] Embed Pods Frameworks";
			outputPaths = (
			);
			runOnlyForDeploymentPostprocessing = 0;
			shellPath = /bin/sh;
			shellScript = "\"${SRCROOT}/Pods/Target Support Files/Pods-workbench/Pods-workbench-frameworks.sh\"\n";
			showEnvVarsInLog = 0;
		};
		4D0DF520AB73CDBCE04006CD /* [CP] Copy Pods Resources */ = {
			isa = PBXShellScriptBuildPhase;
			buildActionMask = 2147483647;
			files = (
			);
			inputPaths = (
			);
			name = "[CP] Copy Pods Resources";
			outputPaths = (
			);
			runOnlyForDeploymentPostprocessing = 0;
			shellPath = /bin/sh;
			shellScript = "\"${SRCROOT}/Pods/Target Support Files/Pods-workbenchUITests/Pods-workbenchUITests-resources.sh\"\n";
			showEnvVarsInLog = 0;
		};
		624E3FBAD4759C211ED35EC5 /* [CP] Copy Pods Resources */ = {
			isa = PBXShellScriptBuildPhase;
			buildActionMask = 2147483647;
			files = (
			);
			inputPaths = (
			);
			name = "[CP] Copy Pods Resources";
			outputPaths = (
			);
			runOnlyForDeploymentPostprocessing = 0;
			shellPath = /bin/sh;
			shellScript = "\"${SRCROOT}/Pods/Target Support Files/Pods-workbench/Pods-workbench-resources.sh\"\n";
			showEnvVarsInLog = 0;
		};
		732B03E1FABFC1EB8999D68C /* [CP] Check Pods Manifest.lock */ = {
			isa = PBXShellScriptBuildPhase;
			buildActionMask = 2147483647;
			files = (
			);
			inputPaths = (
			);
			name = "[CP] Check Pods Manifest.lock";
			outputPaths = (
			);
			runOnlyForDeploymentPostprocessing = 0;
			shellPath = /bin/sh;
			shellScript = "diff \"${PODS_ROOT}/../Podfile.lock\" \"${PODS_ROOT}/Manifest.lock\" > /dev/null\nif [[ $? != 0 ]] ; then\n    cat << EOM\nerror: The sandbox is not in sync with the Podfile.lock. Run 'pod install' or update your CocoaPods installation.\nEOM\n    exit 1\nfi\n";
			showEnvVarsInLog = 0;
		};
		C1BFB21625EFB9EC7180F57C /* [CP] Copy Pods Resources */ = {
			isa = PBXShellScriptBuildPhase;
			buildActionMask = 2147483647;
			files = (
			);
			inputPaths = (
			);
			name = "[CP] Copy Pods Resources";
			outputPaths = (
			);
			runOnlyForDeploymentPostprocessing = 0;
			shellPath = /bin/sh;
			shellScript = "\"${SRCROOT}/Pods/Target Support Files/Pods-workbenchTests/Pods-workbenchTests-resources.sh\"\n";
			showEnvVarsInLog = 0;
		};
		F715556EB5983D595BDF06D5 /* [CP] Check Pods Manifest.lock */ = {
			isa = PBXShellScriptBuildPhase;
			buildActionMask = 2147483647;
			files = (
			);
			inputPaths = (
			);
			name = "[CP] Check Pods Manifest.lock";
			outputPaths = (
			);
			runOnlyForDeploymentPostprocessing = 0;
			shellPath = /bin/sh;
			shellScript = "diff \"${PODS_ROOT}/../Podfile.lock\" \"${PODS_ROOT}/Manifest.lock\" > /dev/null\nif [[ $? != 0 ]] ; then\n    cat << EOM\nerror: The sandbox is not in sync with the Podfile.lock. Run 'pod install' or update your CocoaPods installation.\nEOM\n    exit 1\nfi\n";
			showEnvVarsInLog = 0;
		};
/* End PBXShellScriptBuildPhase section */

/* Begin PBXSourcesBuildPhase section */
		84B60C881D52D69C00C55F14 /* Sources */ = {
			isa = PBXSourcesBuildPhase;
			buildActionMask = 2147483647;
			files = (
				84B60C981D52D69C00C55F14 /* workbench.xcdatamodeld in Sources */,
				84A4A6551D52D89300625E15 /* STS_TextFiled.swift in Sources */,
				A4E3DA6A1D53517E0002A7F4 /* STS_Textfiled_Simple.swift in Sources */,
				84B60C921D52D69C00C55F14 /* ViewController.swift in Sources */,
				84B60C901D52D69C00C55F14 /* AppDelegate.swift in Sources */,
			);
			runOnlyForDeploymentPostprocessing = 0;
		};
		84B60C9F1D52D69C00C55F14 /* Sources */ = {
			isa = PBXSourcesBuildPhase;
			buildActionMask = 2147483647;
			files = (
				84B60CA81D52D69C00C55F14 /* workbenchTests.swift in Sources */,
			);
			runOnlyForDeploymentPostprocessing = 0;
		};
		84B60CAA1D52D69C00C55F14 /* Sources */ = {
			isa = PBXSourcesBuildPhase;
			buildActionMask = 2147483647;
			files = (
				84B60CB31D52D69C00C55F14 /* workbenchUITests.swift in Sources */,
			);
			runOnlyForDeploymentPostprocessing = 0;
		};
/* End PBXSourcesBuildPhase section */

/* Begin PBXTargetDependency section */
		84B60CA51D52D69C00C55F14 /* PBXTargetDependency */ = {
			isa = PBXTargetDependency;
			target = 84B60C8B1D52D69C00C55F14 /* workbench */;
			targetProxy = 84B60CA41D52D69C00C55F14 /* PBXContainerItemProxy */;
		};
		84B60CB01D52D69C00C55F14 /* PBXTargetDependency */ = {
			isa = PBXTargetDependency;
			target = 84B60C8B1D52D69C00C55F14 /* workbench */;
			targetProxy = 84B60CAF1D52D69C00C55F14 /* PBXContainerItemProxy */;
		};
/* End PBXTargetDependency section */

/* Begin PBXVariantGroup section */
		84B60C931D52D69C00C55F14 /* Main.storyboard */ = {
			isa = PBXVariantGroup;
			children = (
				84B60C941D52D69C00C55F14 /* Base */,
			);
			name = Main.storyboard;
			sourceTree = "<group>";
		};
		84B60C9B1D52D69C00C55F14 /* LaunchScreen.storyboard */ = {
			isa = PBXVariantGroup;
			children = (
				84B60C9C1D52D69C00C55F14 /* Base */,
			);
			name = LaunchScreen.storyboard;
			sourceTree = "<group>";
		};
/* End PBXVariantGroup section */

/* Begin XCBuildConfiguration section */
		84B60CB51D52D69C00C55F14 /* Debug */ = {
			isa = XCBuildConfiguration;
			buildSettings = {
				ALWAYS_SEARCH_USER_PATHS = NO;
				CLANG_ANALYZER_NONNULL = YES;
				CLANG_CXX_LANGUAGE_STANDARD = "gnu++0x";
				CLANG_CXX_LIBRARY = "libc++";
				CLANG_ENABLE_MODULES = YES;
				CLANG_ENABLE_OBJC_ARC = YES;
				CLANG_WARN_BOOL_CONVERSION = YES;
				CLANG_WARN_CONSTANT_CONVERSION = YES;
				CLANG_WARN_DIRECT_OBJC_ISA_USAGE = YES_ERROR;
				CLANG_WARN_EMPTY_BODY = YES;
				CLANG_WARN_ENUM_CONVERSION = YES;
				CLANG_WARN_INT_CONVERSION = YES;
				CLANG_WARN_OBJC_ROOT_CLASS = YES_ERROR;
				CLANG_WARN_UNREACHABLE_CODE = YES;
				CLANG_WARN__DUPLICATE_METHOD_MATCH = YES;
				"CODE_SIGN_IDENTITY[sdk=iphoneos*]" = "iPhone Developer";
				COPY_PHASE_STRIP = NO;
				DEBUG_INFORMATION_FORMAT = dwarf;
				ENABLE_STRICT_OBJC_MSGSEND = YES;
				ENABLE_TESTABILITY = YES;
				GCC_C_LANGUAGE_STANDARD = gnu99;
				GCC_DYNAMIC_NO_PIC = NO;
				GCC_NO_COMMON_BLOCKS = YES;
				GCC_OPTIMIZATION_LEVEL = 0;
				GCC_PREPROCESSOR_DEFINITIONS = (
					"DEBUG=1",
					"$(inherited)",
				);
				GCC_WARN_64_TO_32_BIT_CONVERSION = YES;
				GCC_WARN_ABOUT_RETURN_TYPE = YES_ERROR;
				GCC_WARN_UNDECLARED_SELECTOR = YES;
				GCC_WARN_UNINITIALIZED_AUTOS = YES_AGGRESSIVE;
				GCC_WARN_UNUSED_FUNCTION = YES;
				GCC_WARN_UNUSED_VARIABLE = YES;
				IPHONEOS_DEPLOYMENT_TARGET = 9.3;
				MTL_ENABLE_DEBUG_INFO = YES;
				ONLY_ACTIVE_ARCH = YES;
				SDKROOT = iphoneos;
				SWIFT_OPTIMIZATION_LEVEL = "-Onone";
				TARGETED_DEVICE_FAMILY = "1,2";
			};
			name = Debug;
		};
		84B60CB61D52D69C00C55F14 /* Release */ = {
			isa = XCBuildConfiguration;
			buildSettings = {
				ALWAYS_SEARCH_USER_PATHS = NO;
				CLANG_ANALYZER_NONNULL = YES;
				CLANG_CXX_LANGUAGE_STANDARD = "gnu++0x";
				CLANG_CXX_LIBRARY = "libc++";
				CLANG_ENABLE_MODULES = YES;
				CLANG_ENABLE_OBJC_ARC = YES;
				CLANG_WARN_BOOL_CONVERSION = YES;
				CLANG_WARN_CONSTANT_CONVERSION = YES;
				CLANG_WARN_DIRECT_OBJC_ISA_USAGE = YES_ERROR;
				CLANG_WARN_EMPTY_BODY = YES;
				CLANG_WARN_ENUM_CONVERSION = YES;
				CLANG_WARN_INT_CONVERSION = YES;
				CLANG_WARN_OBJC_ROOT_CLASS = YES_ERROR;
				CLANG_WARN_UNREACHABLE_CODE = YES;
				CLANG_WARN__DUPLICATE_METHOD_MATCH = YES;
				"CODE_SIGN_IDENTITY[sdk=iphoneos*]" = "iPhone Developer";
				COPY_PHASE_STRIP = NO;
				DEBUG_INFORMATION_FORMAT = "dwarf-with-dsym";
				ENABLE_NS_ASSERTIONS = NO;
				ENABLE_STRICT_OBJC_MSGSEND = YES;
				GCC_C_LANGUAGE_STANDARD = gnu99;
				GCC_NO_COMMON_BLOCKS = YES;
				GCC_WARN_64_TO_32_BIT_CONVERSION = YES;
				GCC_WARN_ABOUT_RETURN_TYPE = YES_ERROR;
				GCC_WARN_UNDECLARED_SELECTOR = YES;
				GCC_WARN_UNINITIALIZED_AUTOS = YES_AGGRESSIVE;
				GCC_WARN_UNUSED_FUNCTION = YES;
				GCC_WARN_UNUSED_VARIABLE = YES;
				IPHONEOS_DEPLOYMENT_TARGET = 9.3;
				MTL_ENABLE_DEBUG_INFO = NO;
				SDKROOT = iphoneos;
				TARGETED_DEVICE_FAMILY = "1,2";
				VALIDATE_PRODUCT = YES;
			};
			name = Release;
		};
		84B60CB81D52D69C00C55F14 /* Debug */ = {
			isa = XCBuildConfiguration;
			baseConfigurationReference = 02E0008CF60F87A24F0A1943 /* Pods-workbench.debug.xcconfig */;
			buildSettings = {
				ASSETCATALOG_COMPILER_APPICON_NAME = AppIcon;
				INFOPLIST_FILE = workbench/Info.plist;
				LD_RUNPATH_SEARCH_PATHS = "$(inherited) @executable_path/Frameworks $(CONFIGURATION_BUILD_DIR)";
				PRODUCT_BUNDLE_IDENTIFIER = nano.workbench;
				PRODUCT_NAME = "$(TARGET_NAME)";
			};
			name = Debug;
		};
		84B60CB91D52D69C00C55F14 /* Release */ = {
			isa = XCBuildConfiguration;
			baseConfigurationReference = 58FA41802FE0CACBC35AE8E2 /* Pods-workbench.release.xcconfig */;
			buildSettings = {
				ASSETCATALOG_COMPILER_APPICON_NAME = AppIcon;
				INFOPLIST_FILE = workbench/Info.plist;
				LD_RUNPATH_SEARCH_PATHS = "$(inherited) @executable_path/Frameworks $(CONFIGURATION_BUILD_DIR)";
				PRODUCT_BUNDLE_IDENTIFIER = nano.workbench;
				PRODUCT_NAME = "$(TARGET_NAME)";
			};
			name = Release;
		};
		84B60CBB1D52D69C00C55F14 /* Debug */ = {
			isa = XCBuildConfiguration;
			baseConfigurationReference = 098C3BD6272ADFB9807E7A49 /* Pods-workbenchTests.debug.xcconfig */;
			buildSettings = {
				BUNDLE_LOADER = "$(TEST_HOST)";
				INFOPLIST_FILE = workbenchTests/Info.plist;
				LD_RUNPATH_SEARCH_PATHS = "$(inherited) @executable_path/Frameworks @loader_path/Frameworks";
				PRODUCT_BUNDLE_IDENTIFIER = nano.workbenchTests;
				PRODUCT_NAME = "$(TARGET_NAME)";
				TEST_HOST = "$(BUILT_PRODUCTS_DIR)/workbench.app/workbench";
			};
			name = Debug;
		};
		84B60CBC1D52D69C00C55F14 /* Release */ = {
			isa = XCBuildConfiguration;
			baseConfigurationReference = C9804335EA01130C3FF9076E /* Pods-workbenchTests.release.xcconfig */;
			buildSettings = {
				BUNDLE_LOADER = "$(TEST_HOST)";
				INFOPLIST_FILE = workbenchTests/Info.plist;
				LD_RUNPATH_SEARCH_PATHS = "$(inherited) @executable_path/Frameworks @loader_path/Frameworks";
				PRODUCT_BUNDLE_IDENTIFIER = nano.workbenchTests;
				PRODUCT_NAME = "$(TARGET_NAME)";
				TEST_HOST = "$(BUILT_PRODUCTS_DIR)/workbench.app/workbench";
			};
			name = Release;
		};
		84B60CBE1D52D69C00C55F14 /* Debug */ = {
			isa = XCBuildConfiguration;
			baseConfigurationReference = 26246C3E4642DF7CC7022D29 /* Pods-workbenchUITests.debug.xcconfig */;
			buildSettings = {
				INFOPLIST_FILE = workbenchUITests/Info.plist;
				LD_RUNPATH_SEARCH_PATHS = "$(inherited) @executable_path/Frameworks @loader_path/Frameworks";
				PRODUCT_BUNDLE_IDENTIFIER = nano.workbenchUITests;
				PRODUCT_NAME = "$(TARGET_NAME)";
				TEST_TARGET_NAME = workbench;
			};
			name = Debug;
		};
		84B60CBF1D52D69C00C55F14 /* Release */ = {
			isa = XCBuildConfiguration;
			baseConfigurationReference = E0BB25B4BABDFAE20F20CC05 /* Pods-workbenchUITests.release.xcconfig */;
			buildSettings = {
				INFOPLIST_FILE = workbenchUITests/Info.plist;
				LD_RUNPATH_SEARCH_PATHS = "$(inherited) @executable_path/Frameworks @loader_path/Frameworks";
				PRODUCT_BUNDLE_IDENTIFIER = nano.workbenchUITests;
				PRODUCT_NAME = "$(TARGET_NAME)";
				TEST_TARGET_NAME = workbench;
			};
			name = Release;
		};
/* End XCBuildConfiguration section */

/* Begin XCConfigurationList section */
		84B60C871D52D69C00C55F14 /* Build configuration list for PBXProject "workbench" */ = {
			isa = XCConfigurationList;
			buildConfigurations = (
				84B60CB51D52D69C00C55F14 /* Debug */,
				84B60CB61D52D69C00C55F14 /* Release */,
			);
			defaultConfigurationIsVisible = 0;
			defaultConfigurationName = Release;
		};
		84B60CB71D52D69C00C55F14 /* Build configuration list for PBXNativeTarget "workbench" */ = {
			isa = XCConfigurationList;
			buildConfigurations = (
				84B60CB81D52D69C00C55F14 /* Debug */,
				84B60CB91D52D69C00C55F14 /* Release */,
			);
			defaultConfigurationIsVisible = 0;
			defaultConfigurationName = Release;
		};
		84B60CBA1D52D69C00C55F14 /* Build configuration list for PBXNativeTarget "workbenchTests" */ = {
			isa = XCConfigurationList;
			buildConfigurations = (
				84B60CBB1D52D69C00C55F14 /* Debug */,
				84B60CBC1D52D69C00C55F14 /* Release */,
			);
			defaultConfigurationIsVisible = 0;
			defaultConfigurationName = Release;
		};
		84B60CBD1D52D69C00C55F14 /* Build configuration list for PBXNativeTarget "workbenchUITests" */ = {
			isa = XCConfigurationList;
			buildConfigurations = (
				84B60CBE1D52D69C00C55F14 /* Debug */,
				84B60CBF1D52D69C00C55F14 /* Release */,
			);
			defaultConfigurationIsVisible = 0;
			defaultConfigurationName = Release;
		};
/* End XCConfigurationList section */

/* Begin XCVersionGroup section */
		84B60C961D52D69C00C55F14 /* workbench.xcdatamodeld */ = {
			isa = XCVersionGroup;
			children = (
				84B60C971D52D69C00C55F14 /* workbench.xcdatamodel */,
			);
			currentVersion = 84B60C971D52D69C00C55F14 /* workbench.xcdatamodel */;
			path = workbench.xcdatamodeld;
			sourceTree = "<group>";
			versionGroupType = wrapper.xcdatamodel;
		};
/* End XCVersionGroup section */
	};
	rootObject = 84B60C841D52D69C00C55F14 /* Project object */;
}
